<?xml version="1.0" encoding="utf-8"?>
<Project ToolsVersion="4.0" xmlns="http://schemas.microsoft.com/developer/msbuild/2003">
  <ItemGroup>
    <Filter Include="소스 파일">
      <UniqueIdentifier>{4FC737F1-C7A5-4376-A066-2A32D752A2FF}</UniqueIdentifier>
      <Extensions>cpp;c;cc;cxx;def;odl;idl;hpj;bat;asm;asmx</Extensions>
    </Filter>
    <Filter Include="헤더 파일">
      <UniqueIdentifier>{93995380-89BD-4b04-88EB-625FBE52EBFB}</UniqueIdentifier>
      <Extensions>h;hpp;hxx;hm;inl;inc;xsd</Extensions>
    </Filter>
    <Filter Include="리소스 파일">
      <UniqueIdentifier>{67DA6AB6-F800-4c08-8B7A-83BB121AAD01}</UniqueIdentifier>
      <Extensions>rc;ico;cur;bmp;dlg;rc2;rct;bin;rgs;gif;jpg;jpeg;jpe;resx;tiff;tif;png;wav;mfcribbon-ms</Extensions>
    </Filter>
  </ItemGroup>
  <ItemGroup>
    <None Include="ReadMe.txt" />
    <None Include="res\kshot.rc2">
      <Filter>리소스 파일</Filter>
    </None>
    <None Include="res\kshot.ico">
      <Filter>리소스 파일</Filter>
    </None>
  </ItemGroup>
  <ItemGroup>
    <ClInclude Include="kshot.h">
      <Filter>헤더 파일</Filter>
    </ClInclude>
    <ClInclude Include="kshotDlg.h">
      <Filter>헤더 파일</Filter>
    </ClInclude>
    <ClInclude Include="stdafx.h">
      <Filter>헤더 파일</Filter>
    </ClInclude>
    <ClInclude Include="targetver.h">
      <Filter>헤더 파일</Filter>
    </ClInclude>
    <ClInclude Include="Resource.h">
      <Filter>헤더 파일</Filter>
    </ClInclude>
    <ClInclude Include="CommBase.h">
      <Filter>헤더 파일</Filter>
    </ClInclude>
    <ClInclude Include="CommConfig.h">
      <Filter>헤더 파일</Filter>
    </ClInclude>
    <ClInclude Include="CommKT.h">
      <Filter>헤더 파일</Filter>
    </ClInclude>
    <ClInclude Include="CommKTintell.h">
      <Filter>헤더 파일</Filter>
    </ClInclude>
    <ClInclude Include="CommKTxroShot.h">
      <Filter>헤더 파일</Filter>
    </ClInclude>
    <ClInclude Include="CommLG.h">
      <Filter>헤더 파일</Filter>
    </ClInclude>
    <ClInclude Include="CommManager.h">
      <Filter>헤더 파일</Filter>
    </ClInclude>
    <ClInclude Include="common.h">
      <Filter>헤더 파일</Filter>
    </ClInclude>
    <ClInclude Include="CommSKT.h">
      <Filter>헤더 파일</Filter>
    </ClInclude>
    <ClInclude Include="Intelli_def.h">
      <Filter>헤더 파일</Filter>
    </ClInclude>
    <ClInclude Include="Intelli_PacketData.h">
      <Filter>헤더 파일</Filter>
    </ClInclude>
    <ClInclude Include="ServerSocket.h">
      <Filter>헤더 파일</Filter>
    </ClInclude>
    <ClInclude Include="XroshotSendInfo.h">
      <Filter>헤더 파일</Filter>
    </ClInclude>
    <ClInclude Include="tinyxml2\tinyxml2.h">
      <Filter>헤더 파일</Filter>
    </ClInclude>
    <ClInclude Include="sha1\sha1.h">
      <Filter>헤더 파일</Filter>
    </ClInclude>
    <ClInclude Include="Client.h">
      <Filter>헤더 파일</Filter>
    </ClInclude>
    <ClInclude Include="ClientManager.h">
      <Filter>헤더 파일</Filter>
    </ClInclude>
    <ClInclude Include="ClientSocket.h">
      <Filter>헤더 파일</Filter>
    </ClInclude>
    <ClInclude Include="ClientThreadPool.h">
      <Filter>헤더 파일</Filter>
    </ClInclude>
    <ClInclude Include="ListenSocket.h">
      <Filter>헤더 파일</Filter>
    </ClInclude>
    <ClInclude Include="msgPacket.h">
      <Filter>헤더 파일</Filter>
    </ClInclude>
    <ClInclude Include="DBManager.h">
      <Filter>헤더 파일</Filter>
    </ClInclude>
    <ClInclude Include="DBTableInfo.h">
      <Filter>헤더 파일</Filter>
    </ClInclude>
    <ClInclude Include="sendManager.h">
      <Filter>헤더 파일</Filter>
    </ClInclude>
    <ClInclude Include="SendQueueInfo.h">
      <Filter>헤더 파일</Filter>
    </ClInclude>
    <ClInclude Include="ClientAcceptor.h">
      <Filter>헤더 파일</Filter>
    </ClInclude>
    <ClInclude Include="SendResultInfo.h">
      <Filter>헤더 파일</Filter>
    </ClInclude>
    <ClInclude Include="WiseCanAgent.h">
      <Filter>헤더 파일</Filter>
    </ClInclude>
    <ClInclude Include="FaxAgent.h">
      <Filter>헤더 파일</Filter>
    </ClInclude>
    <ClInclude Include="SetAgentVersionDlg.h">
      <Filter>헤더 파일</Filter>
    </ClInclude>
    <ClInclude Include="HaomunAgent.h">
      <Filter>헤더 파일</Filter>
    </ClInclude>
    <ClInclude Include="LGUPlusAgent.h">
      <Filter>헤더 파일</Filter>
    </ClInclude>
  </ItemGroup>
  <ItemGroup>
    <ClCompile Include="kshot.cpp">
      <Filter>소스 파일</Filter>
    </ClCompile>
    <ClCompile Include="kshotDlg.cpp">
      <Filter>소스 파일</Filter>
    </ClCompile>
    <ClCompile Include="stdafx.cpp">
      <Filter>소스 파일</Filter>
    </ClCompile>
    <ClCompile Include="CommBase.cpp">
      <Filter>소스 파일</Filter>
    </ClCompile>
    <ClCompile Include="CommConfig.cpp">
      <Filter>소스 파일</Filter>
    </ClCompile>
    <ClCompile Include="CommKT.cpp">
      <Filter>소스 파일</Filter>
    </ClCompile>
    <ClCompile Include="CommKTintell.cpp">
      <Filter>소스 파일</Filter>
    </ClCompile>
    <ClCompile Include="CommKTxroShot.cpp">
      <Filter>소스 파일</Filter>
    </ClCompile>
    <ClCompile Include="CommLG.cpp">
      <Filter>소스 파일</Filter>
    </ClCompile>
    <ClCompile Include="CommManager.cpp">
      <Filter>소스 파일</Filter>
    </ClCompile>
    <ClCompile Include="common.cpp">
      <Filter>소스 파일</Filter>
    </ClCompile>
    <ClCompile Include="CommSKT.cpp">
      <Filter>소스 파일</Filter>
    </ClCompile>
    <ClCompile Include="ServerSocket.cpp">
      <Filter>소스 파일</Filter>
    </ClCompile>
    <ClCompile Include="XroshotSendInfo.cpp">
      <Filter>소스 파일</Filter>
    </ClCompile>
    <ClCompile Include="sha1\sha1.cpp">
      <Filter>소스 파일</Filter>
    </ClCompile>
    <ClCompile Include="tinyxml2\tinyxml2.cpp">
      <Filter>소스 파일</Filter>
    </ClCompile>
    <ClCompile Include="Client.cpp">
      <Filter>소스 파일</Filter>
    </ClCompile>
    <ClCompile Include="ClientManager.cpp">
      <Filter>소스 파일</Filter>
    </ClCompile>
    <ClCompile Include="ClientSocket.cpp">
      <Filter>소스 파일</Filter>
    </ClCompile>
    <ClCompile Include="ClientThreadPool.cpp">
      <Filter>소스 파일</Filter>
    </ClCompile>
    <ClCompile Include="ListenSocket.cpp">
      <Filter>소스 파일</Filter>
    </ClCompile>
    <ClCompile Include="DBManager.cpp">
      <Filter>소스 파일</Filter>
    </ClCompile>
    <ClCompile Include="DBTableInfo.cpp">
      <Filter>소스 파일</Filter>
    </ClCompile>
    <ClCompile Include="sendManager.cpp">
      <Filter>소스 파일</Filter>
    </ClCompile>
    <ClCompile Include="ClientAcceptor.cpp">
      <Filter>소스 파일</Filter>
    </ClCompile>
    <ClCompile Include="SendResultInfo.cpp">
      <Filter>소스 파일</Filter>
    </ClCompile>
    <ClCompile Include="WiseCanAgent.cpp">
      <Filter>소스 파일</Filter>
    </ClCompile>
    <ClCompile Include="FaxAgent.cpp">
      <Filter>소스 파일</Filter>
    </ClCompile>
    <ClCompile Include="SetAgentVersionDlg.cpp">
      <Filter>소스 파일</Filter>
    </ClCompile>
    <ClCompile Include="HaomunAgent.cpp">
      <Filter>소스 파일</Filter>
    </ClCompile>
    <ClCompile Include="LGUPlusAgent.cpp">
      <Filter>소스 파일</Filter>
    </ClCompile>
  </ItemGroup>
  <ItemGroup>
    <ResourceCompile Include="kshot.rc">
      <Filter>리소스 파일</Filter>
    </ResourceCompile>
  </ItemGroup>
</Project>